
Microsoft Visual Studio Solution File, Format Version 12.00
# Visual Studio Version 17
VisualStudioVersion = 17.7.34024.191
MinimumVisualStudioVersion = 10.0.40219.1
Project("{FAE04EC0-301F-11D3-BF4B-00C04F79EFBC}") = "PRACTICA1", "PRACTICA1\PRACTICA1.csproj", "{7085326E-E8FB-4562-9EC5-3DBC66D925E7}"
EndProject
Global
	GlobalSection(SolutionConfigurationPlatforms) = preSolution
		Debug|Any CPU = Debug|Any CPU
		Release|Any CPU = Release|Any CPU
	EndGlobalSection
	GlobalSection(ProjectConfigurationPlatforms) = postSolution
		{7085326E-E8FB-4562-9EC5-3DBC66D925E7}.Debug|Any CPU.ActiveCfg = Debug|Any CPU
		{7085326E-E8FB-4562-9EC5-3DBC66D925E7}.Debug|Any CPU.Build.0 = Debug|Any CPU
		{7085326E-E8FB-4562-9EC5-3DBC66D925E7}.Release|Any CPU.ActiveCfg = Release|Any CPU
		{7085326E-E8FB-4562-9EC5-3DBC66D925E7}.Release|Any CPU.Build.0 = Release|Any CPU
	EndGlobalSection
	GlobalSection(SolutionProperties) = preSolution
		HideSolutionNode = FALSE
	EndGlobalSection
	GlobalSection(ExtensibilityGlobals) = postSolution
		SolutionGuid = {47E6800C-71F9-4F28-A198-EDF5CC12180C}
	EndGlobalSection
EndGlobal
